
Microsoft Visual Studio Solution File, Format Version 12.00
# Visual Studio Version 17
VisualStudioVersion = 17.6.33829.357
MinimumVisualStudioVersion = 10.0.40219.1
Project("{FAE04EC0-301F-11D3-BF4B-00C04F79EFBC}") = "LoggerApp", "LoggerApp\LoggerApp.csproj", "{ABAF2AF2-67E5-42A9-BBA8-AB7C7A591864}"
EndProject
Global
	GlobalSection(SolutionConfigurationPlatforms) = preSolution
		Debug|Any CPU = Debug|Any CPU
		Release|Any CPU = Release|Any CPU
	EndGlobalSection
	GlobalSection(ProjectConfigurationPlatforms) = postSolution
		{ABAF2AF2-67E5-42A9-BBA8-AB7C7A591864}.Debug|Any CPU.ActiveCfg = Debug|Any CPU
		{ABAF2AF2-67E5-42A9-BBA8-AB7C7A591864}.Debug|Any CPU.Build.0 = Debug|Any CPU
		{ABAF2AF2-67E5-42A9-BBA8-AB7C7A591864}.Release|Any CPU.ActiveCfg = Release|Any CPU
		{ABAF2AF2-67E5-42A9-BBA8-AB7C7A591864}.Release|Any CPU.Build.0 = Release|Any CPU
	EndGlobalSection
	GlobalSection(SolutionProperties) = preSolution
		HideSolutionNode = FALSE
	EndGlobalSection
	GlobalSection(ExtensibilityGlobals) = postSolution
		SolutionGuid = {BFC42362-EBA8-41CB-9847-143ECAE24A6E}
	EndGlobalSection
EndGlobal
